// !$*UTF8*$!
{
	archiveVersion = 1;
	classes = {
	};
	objectVersion = 51;
	objects = {

/* Begin PBXBuildFile section */
		6CA00BBD135EA62A7BBE50A8 /* Pods_gatewait_gatewaitUITests.framework in Frameworks */ = {isa = PBXBuildFile; fileRef = D923D4CDC54B4E3A37D769B9 /* Pods_gatewait_gatewaitUITests.framework */; };
		8334B1562353896000CFBD3B /* FlightsVC.swift in Sources */ = {isa = PBXBuildFile; fileRef = 8334B1552353896000CFBD3B /* FlightsVC.swift */; };
		8334B15823538A5200CFBD3B /* GatesVC.swift in Sources */ = {isa = PBXBuildFile; fileRef = 8334B15723538A5200CFBD3B /* GatesVC.swift */; };
		834CC628235657DC00B2407A /* MyriadPro-Bold.otf in Resources */ = {isa = PBXBuildFile; fileRef = 8334B15223504CD900CFBD3B /* MyriadPro-Bold.otf */; };
		834CC62A2356635700B2407A /* db.realm in Resources */ = {isa = PBXBuildFile; fileRef = 834CC6292356635700B2407A /* db.realm */; };
		834CC62C23566F6D00B2407A /* Airport.swift in Sources */ = {isa = PBXBuildFile; fileRef = 834CC62B23566F6D00B2407A /* Airport.swift */; };
		834CC62F2357BB3400B2407A /* GateTableViewCell.swift in Sources */ = {isa = PBXBuildFile; fileRef = 834CC62D2357BB3400B2407A /* GateTableViewCell.swift */; };
		834CC6302357BB3400B2407A /* GateTableViewCell.xib in Resources */ = {isa = PBXBuildFile; fileRef = 834CC62E2357BB3400B2407A /* GateTableViewCell.xib */; };
		834CC632235E568A00B2407A /* extensions.swift in Sources */ = {isa = PBXBuildFile; fileRef = 834CC631235E568A00B2407A /* extensions.swift */; };
		835C06722353AB0000B723BA /* Podfile in Resources */ = {isa = PBXBuildFile; fileRef = 835C06712353AB0000B723BA /* Podfile */; };
		835C06762353AC9B00B723BA /* Gate.swift in Sources */ = {isa = PBXBuildFile; fileRef = 835C06752353AC9B00B723BA /* Gate.swift */; };
		835C06782353ACA800B723BA /* Flight.swift in Sources */ = {isa = PBXBuildFile; fileRef = 835C06772353ACA800B723BA /* Flight.swift */; };
		83B91F9023623F0100BF4C89 /* AuthorTableViewCell.swift in Sources */ = {isa = PBXBuildFile; fileRef = 83B91F8E23623F0100BF4C89 /* AuthorTableViewCell.swift */; };
		83B91F9123623F0100BF4C89 /* AuthorTableViewCell.xib in Resources */ = {isa = PBXBuildFile; fileRef = 83B91F8F23623F0100BF4C89 /* AuthorTableViewCell.xib */; };
		83BEFAB9234E773400CB0CDB /* AppDelegate.swift in Sources */ = {isa = PBXBuildFile; fileRef = 83BEFAB8234E773400CB0CDB /* AppDelegate.swift */; };
		83BEFABB234E773400CB0CDB /* SceneDelegate.swift in Sources */ = {isa = PBXBuildFile; fileRef = 83BEFABA234E773400CB0CDB /* SceneDelegate.swift */; };
		83BEFAC0234E773400CB0CDB /* Main.storyboard in Resources */ = {isa = PBXBuildFile; fileRef = 83BEFABE234E773400CB0CDB /* Main.storyboard */; };
		83BEFAC2234E773A00CB0CDB /* Assets.xcassets in Resources */ = {isa = PBXBuildFile; fileRef = 83BEFAC1234E773A00CB0CDB /* Assets.xcassets */; };
		83BEFAC5234E773A00CB0CDB /* LaunchScreen.storyboard in Resources */ = {isa = PBXBuildFile; fileRef = 83BEFAC3234E773A00CB0CDB /* LaunchScreen.storyboard */; };
		83BEFAD0234E773B00CB0CDB /* gatewaitTests.swift in Sources */ = {isa = PBXBuildFile; fileRef = 83BEFACF234E773B00CB0CDB /* gatewaitTests.swift */; };
		83BEFADB234E773B00CB0CDB /* gatewaitUITests.swift in Sources */ = {isa = PBXBuildFile; fileRef = 83BEFADA234E773B00CB0CDB /* gatewaitUITests.swift */; };
		A4DC7A5B830BCBDB73487585 /* Pods_gatewaitTests.framework in Frameworks */ = {isa = PBXBuildFile; fileRef = 117379480C071BE7E83A98FC /* Pods_gatewaitTests.framework */; };
		C63E5BC89F9A38A590D061F7 /* Pods_gatewait.framework in Frameworks */ = {isa = PBXBuildFile; fileRef = DC7ED401275D960B8F104502 /* Pods_gatewait.framework */; };
/* End PBXBuildFile section */

/* Begin PBXContainerItemProxy section */
		83BEFACC234E773B00CB0CDB /* PBXContainerItemProxy */ = {
			isa = PBXContainerItemProxy;
			containerPortal = 83BEFAAD234E773400CB0CDB /* Project object */;
			proxyType = 1;
			remoteGlobalIDString = 83BEFAB4234E773400CB0CDB;
			remoteInfo = gatewait;
		};
		83BEFAD7234E773B00CB0CDB /* PBXContainerItemProxy */ = {
			isa = PBXContainerItemProxy;
			containerPortal = 83BEFAAD234E773400CB0CDB /* Project object */;
			proxyType = 1;
			remoteGlobalIDString = 83BEFAB4234E773400CB0CDB;
			remoteInfo = gatewait;
		};
/* End PBXContainerItemProxy section */

/* Begin PBXFileReference section */
		104C78B38BFD04062AD01AF9 /* Pods-gatewaitTests.debug.xcconfig */ = {isa = PBXFileReference; includeInIndex = 1; lastKnownFileType = text.xcconfig; name = "Pods-gatewaitTests.debug.xcconfig"; path = "Target Support Files/Pods-gatewaitTests/Pods-gatewaitTests.debug.xcconfig"; sourceTree = "<group>"; };
		117379480C071BE7E83A98FC /* Pods_gatewaitTests.framework */ = {isa = PBXFileReference; explicitFileType = wrapper.framework; includeInIndex = 0; path = Pods_gatewaitTests.framework; sourceTree = BUILT_PRODUCTS_DIR; };
		4266EE4AC491A2D7E9E38198 /* Pods-gatewait.debug.xcconfig */ = {isa = PBXFileReference; includeInIndex = 1; lastKnownFileType = text.xcconfig; name = "Pods-gatewait.debug.xcconfig"; path = "Target Support Files/Pods-gatewait/Pods-gatewait.debug.xcconfig"; sourceTree = "<group>"; };
		79ED2EC09D1A99E72AC3EC03 /* Pods-gatewaitTests.release.xcconfig */ = {isa = PBXFileReference; includeInIndex = 1; lastKnownFileType = text.xcconfig; name = "Pods-gatewaitTests.release.xcconfig"; path = "Target Support Files/Pods-gatewaitTests/Pods-gatewaitTests.release.xcconfig"; sourceTree = "<group>"; };
		8047EF932CD19D095EFB7C4A /* Pods-gatewait-gatewaitUITests.release.xcconfig */ = {isa = PBXFileReference; includeInIndex = 1; lastKnownFileType = text.xcconfig; name = "Pods-gatewait-gatewaitUITests.release.xcconfig"; path = "Target Support Files/Pods-gatewait-gatewaitUITests/Pods-gatewait-gatewaitUITests.release.xcconfig"; sourceTree = "<group>"; };
		8334B15223504CD900CFBD3B /* MyriadPro-Bold.otf */ = {isa = PBXFileReference; lastKnownFileType = file; path = "MyriadPro-Bold.otf"; sourceTree = "<group>"; };
		8334B1552353896000CFBD3B /* FlightsVC.swift */ = {isa = PBXFileReference; lastKnownFileType = sourcecode.swift; path = FlightsVC.swift; sourceTree = "<group>"; };
		8334B15723538A5200CFBD3B /* GatesVC.swift */ = {isa = PBXFileReference; lastKnownFileType = sourcecode.swift; path = GatesVC.swift; sourceTree = "<group>"; };
		834CC6292356635700B2407A /* db.realm */ = {isa = PBXFileReference; lastKnownFileType = file; path = db.realm; sourceTree = "<group>"; };
		834CC62B23566F6D00B2407A /* Airport.swift */ = {isa = PBXFileReference; fileEncoding = 4; lastKnownFileType = sourcecode.swift; path = Airport.swift; sourceTree = "<group>"; };
		834CC62D2357BB3400B2407A /* GateTableViewCell.swift */ = {isa = PBXFileReference; lastKnownFileType = sourcecode.swift; name = GateTableViewCell.swift; path = gatewait/ViewController/GateTableViewCell.swift; sourceTree = SOURCE_ROOT; };
		834CC62E2357BB3400B2407A /* GateTableViewCell.xib */ = {isa = PBXFileReference; lastKnownFileType = file.xib; name = GateTableViewCell.xib; path = gatewait/ViewController/GateTableViewCell.xib; sourceTree = SOURCE_ROOT; };
		834CC631235E568A00B2407A /* extensions.swift */ = {isa = PBXFileReference; lastKnownFileType = sourcecode.swift; name = extensions.swift; path = gatewait/extensions.swift; sourceTree = SOURCE_ROOT; };
		835C06712353AB0000B723BA /* Podfile */ = {isa = PBXFileReference; fileEncoding = 4; lastKnownFileType = text; path = Podfile; sourceTree = "<group>"; xcLanguageSpecificationIdentifier = xcode.lang.ruby; };
		835C06752353AC9B00B723BA /* Gate.swift */ = {isa = PBXFileReference; lastKnownFileType = sourcecode.swift; path = Gate.swift; sourceTree = "<group>"; };
		835C06772353ACA800B723BA /* Flight.swift */ = {isa = PBXFileReference; lastKnownFileType = sourcecode.swift; path = Flight.swift; sourceTree = "<group>"; };
		83B91F8E23623F0100BF4C89 /* AuthorTableViewCell.swift */ = {isa = PBXFileReference; lastKnownFileType = sourcecode.swift; path = AuthorTableViewCell.swift; sourceTree = "<group>"; };
		83B91F8F23623F0100BF4C89 /* AuthorTableViewCell.xib */ = {isa = PBXFileReference; lastKnownFileType = file.xib; path = AuthorTableViewCell.xib; sourceTree = "<group>"; };
		83BEFAB5234E773400CB0CDB /* gatewait.app */ = {isa = PBXFileReference; explicitFileType = wrapper.application; includeInIndex = 0; path = gatewait.app; sourceTree = BUILT_PRODUCTS_DIR; };
		83BEFAB8234E773400CB0CDB /* AppDelegate.swift */ = {isa = PBXFileReference; lastKnownFileType = sourcecode.swift; path = AppDelegate.swift; sourceTree = "<group>"; };
		83BEFABA234E773400CB0CDB /* SceneDelegate.swift */ = {isa = PBXFileReference; lastKnownFileType = sourcecode.swift; path = SceneDelegate.swift; sourceTree = "<group>"; };
		83BEFABF234E773400CB0CDB /* Base */ = {isa = PBXFileReference; lastKnownFileType = file.storyboard; name = Base; path = Base.lproj/Main.storyboard; sourceTree = "<group>"; };
		83BEFAC1234E773A00CB0CDB /* Assets.xcassets */ = {isa = PBXFileReference; lastKnownFileType = folder.assetcatalog; path = Assets.xcassets; sourceTree = "<group>"; };
		83BEFAC4234E773A00CB0CDB /* Base */ = {isa = PBXFileReference; lastKnownFileType = file.storyboard; name = Base; path = Base.lproj/LaunchScreen.storyboard; sourceTree = "<group>"; };
		83BEFAC6234E773A00CB0CDB /* Info.plist */ = {isa = PBXFileReference; lastKnownFileType = text.plist.xml; path = Info.plist; sourceTree = "<group>"; };
		83BEFACB234E773B00CB0CDB /* gatewaitTests.xctest */ = {isa = PBXFileReference; explicitFileType = wrapper.cfbundle; includeInIndex = 0; path = gatewaitTests.xctest; sourceTree = BUILT_PRODUCTS_DIR; };
		83BEFACF234E773B00CB0CDB /* gatewaitTests.swift */ = {isa = PBXFileReference; lastKnownFileType = sourcecode.swift; path = gatewaitTests.swift; sourceTree = "<group>"; };
		83BEFAD1234E773B00CB0CDB /* Info.plist */ = {isa = PBXFileReference; lastKnownFileType = text.plist.xml; path = Info.plist; sourceTree = "<group>"; };
		83BEFAD6234E773B00CB0CDB /* gatewaitUITests.xctest */ = {isa = PBXFileReference; explicitFileType = wrapper.cfbundle; includeInIndex = 0; path = gatewaitUITests.xctest; sourceTree = BUILT_PRODUCTS_DIR; };
		83BEFADA234E773B00CB0CDB /* gatewaitUITests.swift */ = {isa = PBXFileReference; lastKnownFileType = sourcecode.swift; path = gatewaitUITests.swift; sourceTree = "<group>"; };
		83BEFADC234E773B00CB0CDB /* Info.plist */ = {isa = PBXFileReference; lastKnownFileType = text.plist.xml; path = Info.plist; sourceTree = "<group>"; };
		C5BB698D9781CFAA2CAEEF29 /* Pods-gatewait-gatewaitUITests.debug.xcconfig */ = {isa = PBXFileReference; includeInIndex = 1; lastKnownFileType = text.xcconfig; name = "Pods-gatewait-gatewaitUITests.debug.xcconfig"; path = "Target Support Files/Pods-gatewait-gatewaitUITests/Pods-gatewait-gatewaitUITests.debug.xcconfig"; sourceTree = "<group>"; };
		CC96988C326F6E4E97B28BC9 /* Pods-gatewait.release.xcconfig */ = {isa = PBXFileReference; includeInIndex = 1; lastKnownFileType = text.xcconfig; name = "Pods-gatewait.release.xcconfig"; path = "Target Support Files/Pods-gatewait/Pods-gatewait.release.xcconfig"; sourceTree = "<group>"; };
		D923D4CDC54B4E3A37D769B9 /* Pods_gatewait_gatewaitUITests.framework */ = {isa = PBXFileReference; explicitFileType = wrapper.framework; includeInIndex = 0; path = Pods_gatewait_gatewaitUITests.framework; sourceTree = BUILT_PRODUCTS_DIR; };
		DC7ED401275D960B8F104502 /* Pods_gatewait.framework */ = {isa = PBXFileReference; explicitFileType = wrapper.framework; includeInIndex = 0; path = Pods_gatewait.framework; sourceTree = BUILT_PRODUCTS_DIR; };
/* End PBXFileReference section */

/* Begin PBXFrameworksBuildPhase section */
		83BEFAB2234E773400CB0CDB /* Frameworks */ = {
			isa = PBXFrameworksBuildPhase;
			buildActionMask = 2147483647;
			files = (
				C63E5BC89F9A38A590D061F7 /* Pods_gatewait.framework in Frameworks */,
			);
			runOnlyForDeploymentPostprocessing = 0;
		};
		83BEFAC8234E773B00CB0CDB /* Frameworks */ = {
			isa = PBXFrameworksBuildPhase;
			buildActionMask = 2147483647;
			files = (
				A4DC7A5B830BCBDB73487585 /* Pods_gatewaitTests.framework in Frameworks */,
			);
			runOnlyForDeploymentPostprocessing = 0;
		};
		83BEFAD3234E773B00CB0CDB /* Frameworks */ = {
			isa = PBXFrameworksBuildPhase;
			buildActionMask = 2147483647;
			files = (
				6CA00BBD135EA62A7BBE50A8 /* Pods_gatewait_gatewaitUITests.framework in Frameworks */,
			);
			runOnlyForDeploymentPostprocessing = 0;
		};
/* End PBXFrameworksBuildPhase section */

/* Begin PBXGroup section */
		835C06742353ABB600B723BA /* Fonts */ = {
			isa = PBXGroup;
			children = (
				8334B15223504CD900CFBD3B /* MyriadPro-Bold.otf */,
			);
			path = Fonts;
			sourceTree = "<group>";
		};
		835C067B2353ACBE00B723BA /* Model */ = {
			isa = PBXGroup;
			children = (
				834CC62B23566F6D00B2407A /* Airport.swift */,
				835C06752353AC9B00B723BA /* Gate.swift */,
				835C06772353ACA800B723BA /* Flight.swift */,
			);
			path = Model;
			sourceTree = "<group>";
		};
		835C067C2353AD0800B723BA /* ViewController */ = {
			isa = PBXGroup;
			children = (
				8334B1552353896000CFBD3B /* FlightsVC.swift */,
				8334B15723538A5200CFBD3B /* GatesVC.swift */,
			);
			path = ViewController;
			sourceTree = "<group>";
		};
		835C067D2353AD3100B723BA /* View */ = {
			isa = PBXGroup;
			children = (
				83BEFABE234E773400CB0CDB /* Main.storyboard */,
				834CC62D2357BB3400B2407A /* GateTableViewCell.swift */,
				834CC62E2357BB3400B2407A /* GateTableViewCell.xib */,
				83B91F8E23623F0100BF4C89 /* AuthorTableViewCell.swift */,
				83B91F8F23623F0100BF4C89 /* AuthorTableViewCell.xib */,
				83BEFAC3234E773A00CB0CDB /* LaunchScreen.storyboard */,
			);
			path = View;
			sourceTree = "<group>";
		};
		83BEFAAC234E773400CB0CDB = {
			isa = PBXGroup;
			children = (
				835C06712353AB0000B723BA /* Podfile */,
				83BEFAB7234E773400CB0CDB /* gatewait */,
				83BEFACE234E773B00CB0CDB /* gatewaitTests */,
				83BEFAD9234E773B00CB0CDB /* gatewaitUITests */,
				83BEFAB6234E773400CB0CDB /* Products */,
				DDE8747E55FA1FC5EB9482E0 /* Pods */,
				8C81B5F7F0C37422E9E39B51 /* Frameworks */,
			);
			sourceTree = "<group>";
		};
		83BEFAB6234E773400CB0CDB /* Products */ = {
			isa = PBXGroup;
			children = (
				83BEFAB5234E773400CB0CDB /* gatewait.app */,
				83BEFACB234E773B00CB0CDB /* gatewaitTests.xctest */,
				83BEFAD6234E773B00CB0CDB /* gatewaitUITests.xctest */,
			);
			name = Products;
			sourceTree = "<group>";
		};
		83BEFAB7234E773400CB0CDB /* gatewait */ = {
			isa = PBXGroup;
			children = (
				834CC6292356635700B2407A /* db.realm */,
				83BEFAC1234E773A00CB0CDB /* Assets.xcassets */,
				835C06742353ABB600B723BA /* Fonts */,
				835C067B2353ACBE00B723BA /* Model */,
				835C067D2353AD3100B723BA /* View */,
				835C067C2353AD0800B723BA /* ViewController */,
				83BEFAB8234E773400CB0CDB /* AppDelegate.swift */,
				83BEFABA234E773400CB0CDB /* SceneDelegate.swift */,
				834CC631235E568A00B2407A /* extensions.swift */,
				83BEFAC6234E773A00CB0CDB /* Info.plist */,
			);
			path = gatewait;
			sourceTree = "<group>";
		};
		83BEFACE234E773B00CB0CDB /* gatewaitTests */ = {
			isa = PBXGroup;
			children = (
				83BEFACF234E773B00CB0CDB /* gatewaitTests.swift */,
				83BEFAD1234E773B00CB0CDB /* Info.plist */,
			);
			path = gatewaitTests;
			sourceTree = "<group>";
		};
		83BEFAD9234E773B00CB0CDB /* gatewaitUITests */ = {
			isa = PBXGroup;
			children = (
				83BEFADA234E773B00CB0CDB /* gatewaitUITests.swift */,
				83BEFADC234E773B00CB0CDB /* Info.plist */,
			);
			path = gatewaitUITests;
			sourceTree = "<group>";
		};
		8C81B5F7F0C37422E9E39B51 /* Frameworks */ = {
			isa = PBXGroup;
			children = (
				DC7ED401275D960B8F104502 /* Pods_gatewait.framework */,
				D923D4CDC54B4E3A37D769B9 /* Pods_gatewait_gatewaitUITests.framework */,
				117379480C071BE7E83A98FC /* Pods_gatewaitTests.framework */,
			);
			name = Frameworks;
			sourceTree = "<group>";
		};
		DDE8747E55FA1FC5EB9482E0 /* Pods */ = {
			isa = PBXGroup;
			children = (
				4266EE4AC491A2D7E9E38198 /* Pods-gatewait.debug.xcconfig */,
				CC96988C326F6E4E97B28BC9 /* Pods-gatewait.release.xcconfig */,
				C5BB698D9781CFAA2CAEEF29 /* Pods-gatewait-gatewaitUITests.debug.xcconfig */,
				8047EF932CD19D095EFB7C4A /* Pods-gatewait-gatewaitUITests.release.xcconfig */,
				104C78B38BFD04062AD01AF9 /* Pods-gatewaitTests.debug.xcconfig */,
				79ED2EC09D1A99E72AC3EC03 /* Pods-gatewaitTests.release.xcconfig */,
			);
			path = Pods;
			sourceTree = "<group>";
		};
/* End PBXGroup section */

/* Begin PBXNativeTarget section */
		83BEFAB4234E773400CB0CDB /* gatewait */ = {
			isa = PBXNativeTarget;
			buildConfigurationList = 83BEFADF234E773B00CB0CDB /* Build configuration list for PBXNativeTarget "gatewait" */;
			buildPhases = (
				38CC453F8DAF958FD9E29F97 /* [CP] Check Pods Manifest.lock */,
				83BEFAB1234E773400CB0CDB /* Sources */,
				83BEFAB2234E773400CB0CDB /* Frameworks */,
				83BEFAB3234E773400CB0CDB /* Resources */,
				B47FA7717B1994CA21F57F1D /* [CP] Embed Pods Frameworks */,
			);
			buildRules = (
			);
			dependencies = (
			);
			name = gatewait;
			productName = gatewait;
			productReference = 83BEFAB5234E773400CB0CDB /* gatewait.app */;
			productType = "com.apple.product-type.application";
		};
		83BEFACA234E773B00CB0CDB /* gatewaitTests */ = {
			isa = PBXNativeTarget;
			buildConfigurationList = 83BEFAE2234E773B00CB0CDB /* Build configuration list for PBXNativeTarget "gatewaitTests" */;
			buildPhases = (
				D33BD6911F83B1DA2E7F6825 /* [CP] Check Pods Manifest.lock */,
				83BEFAC7234E773B00CB0CDB /* Sources */,
				83BEFAC8234E773B00CB0CDB /* Frameworks */,
				83BEFAC9234E773B00CB0CDB /* Resources */,
			);
			buildRules = (
			);
			dependencies = (
				83BEFACD234E773B00CB0CDB /* PBXTargetDependency */,
			);
			name = gatewaitTests;
			productName = gatewaitTests;
			productReference = 83BEFACB234E773B00CB0CDB /* gatewaitTests.xctest */;
			productType = "com.apple.product-type.bundle.unit-test";
		};
		83BEFAD5234E773B00CB0CDB /* gatewaitUITests */ = {
			isa = PBXNativeTarget;
			buildConfigurationList = 83BEFAE5234E773B00CB0CDB /* Build configuration list for PBXNativeTarget "gatewaitUITests" */;
			buildPhases = (
				815EE53BB252DFDAE6CB4780 /* [CP] Check Pods Manifest.lock */,
				83BEFAD2234E773B00CB0CDB /* Sources */,
				83BEFAD3234E773B00CB0CDB /* Frameworks */,
				83BEFAD4234E773B00CB0CDB /* Resources */,
				F968C907118ABD32D545C761 /* [CP] Embed Pods Frameworks */,
			);
			buildRules = (
			);
			dependencies = (
				83BEFAD8234E773B00CB0CDB /* PBXTargetDependency */,
			);
			name = gatewaitUITests;
			productName = gatewaitUITests;
			productReference = 83BEFAD6234E773B00CB0CDB /* gatewaitUITests.xctest */;
			productType = "com.apple.product-type.bundle.ui-testing";
		};
/* End PBXNativeTarget section */

/* Begin PBXProject section */
		83BEFAAD234E773400CB0CDB /* Project object */ = {
			isa = PBXProject;
			attributes = {
				LastSwiftUpdateCheck = 1100;
				LastUpgradeCheck = 1100;
				ORGANIZATIONNAME = "Danil Chernyshev";
				TargetAttributes = {
					83BEFAB4234E773400CB0CDB = {
						CreatedOnToolsVersion = 11.0;
					};
					83BEFACA234E773B00CB0CDB = {
						CreatedOnToolsVersion = 11.0;
						TestTargetID = 83BEFAB4234E773400CB0CDB;
					};
					83BEFAD5234E773B00CB0CDB = {
						CreatedOnToolsVersion = 11.0;
						TestTargetID = 83BEFAB4234E773400CB0CDB;
					};
				};
			};
			buildConfigurationList = 83BEFAB0234E773400CB0CDB /* Build configuration list for PBXProject "gatewait" */;
			compatibilityVersion = "Xcode 9.3";
			developmentRegion = en;
			hasScannedForEncodings = 0;
			knownRegions = (
				en,
				Base,
			);
			mainGroup = 83BEFAAC234E773400CB0CDB;
			productRefGroup = 83BEFAB6234E773400CB0CDB /* Products */;
			projectDirPath = "";
			projectRoot = "";
			targets = (
				83BEFAB4234E773400CB0CDB /* gatewait */,
				83BEFACA234E773B00CB0CDB /* gatewaitTests */,
				83BEFAD5234E773B00CB0CDB /* gatewaitUITests */,
			);
		};
/* End PBXProject section */

/* Begin PBXResourcesBuildPhase section */
		83BEFAB3234E773400CB0CDB /* Resources */ = {
			isa = PBXResourcesBuildPhase;
			buildActionMask = 2147483647;
			files = (
				834CC6302357BB3400B2407A /* GateTableViewCell.xib in Resources */,
				834CC628235657DC00B2407A /* MyriadPro-Bold.otf in Resources */,
				834CC62A2356635700B2407A /* db.realm in Resources */,
				835C06722353AB0000B723BA /* Podfile in Resources */,
				83BEFAC5234E773A00CB0CDB /* LaunchScreen.storyboard in Resources */,
				83BEFAC2234E773A00CB0CDB /* Assets.xcassets in Resources */,
				83B91F9123623F0100BF4C89 /* AuthorTableViewCell.xib in Resources */,
				83BEFAC0234E773400CB0CDB /* Main.storyboard in Resources */,
			);
			runOnlyForDeploymentPostprocessing = 0;
		};
		83BEFAC9234E773B00CB0CDB /* Resources */ = {
			isa = PBXResourcesBuildPhase;
			buildActionMask = 2147483647;
			files = (
			);
			runOnlyForDeploymentPostprocessing = 0;
		};
		83BEFAD4234E773B00CB0CDB /* Resources */ = {
			isa = PBXResourcesBuildPhase;
			buildActionMask = 2147483647;
			files = (
			);
			runOnlyForDeploymentPostprocessing = 0;
		};
/* End PBXResourcesBuildPhase section */

/* Begin PBXShellScriptBuildPhase section */
		38CC453F8DAF958FD9E29F97 /* [CP] Check Pods Manifest.lock */ = {
			isa = PBXShellScriptBuildPhase;
			buildActionMask = 2147483647;
			files = (
			);
			inputFileListPaths = (
			);
			inputPaths = (
				"${PODS_PODFILE_DIR_PATH}/Podfile.lock",
				"${PODS_ROOT}/Manifest.lock",
			);
			name = "[CP] Check Pods Manifest.lock";
			outputFileListPaths = (
			);
			outputPaths = (
				"$(DERIVED_FILE_DIR)/Pods-gatewait-checkManifestLockResult.txt",
			);
			runOnlyForDeploymentPostprocessing = 0;
			shellPath = /bin/sh;
			shellScript = "diff \"${PODS_PODFILE_DIR_PATH}/Podfile.lock\" \"${PODS_ROOT}/Manifest.lock\" > /dev/null\nif [ $? != 0 ] ; then\n    # print error to STDERR\n    echo \"error: The sandbox is not in sync with the Podfile.lock. Run 'pod install' or update your CocoaPods installation.\" >&2\n    exit 1\nfi\n# This output is used by Xcode 'outputs' to avoid re-running this script phase.\necho \"SUCCESS\" > \"${SCRIPT_OUTPUT_FILE_0}\"\n";
			showEnvVarsInLog = 0;
		};
		815EE53BB252DFDAE6CB4780 /* [CP] Check Pods Manifest.lock */ = {
			isa = PBXShellScriptBuildPhase;
			buildActionMask = 2147483647;
			files = (
			);
			inputFileListPaths = (
			);
			inputPaths = (
				"${PODS_PODFILE_DIR_PATH}/Podfile.lock",
				"${PODS_ROOT}/Manifest.lock",
			);
			name = "[CP] Check Pods Manifest.lock";
			outputFileListPaths = (
			);
			outputPaths = (
				"$(DERIVED_FILE_DIR)/Pods-gatewait-gatewaitUITests-checkManifestLockResult.txt",
			);
			runOnlyForDeploymentPostprocessing = 0;
			shellPath = /bin/sh;
			shellScript = "diff \"${PODS_PODFILE_DIR_PATH}/Podfile.lock\" \"${PODS_ROOT}/Manifest.lock\" > /dev/null\nif [ $? != 0 ] ; then\n    # print error to STDERR\n    echo \"error: The sandbox is not in sync with the Podfile.lock. Run 'pod install' or update your CocoaPods installation.\" >&2\n    exit 1\nfi\n# This output is used by Xcode 'outputs' to avoid re-running this script phase.\necho \"SUCCESS\" > \"${SCRIPT_OUTPUT_FILE_0}\"\n";
			showEnvVarsInLog = 0;
		};
		B47FA7717B1994CA21F57F1D /* [CP] Embed Pods Frameworks */ = {
			isa = PBXShellScriptBuildPhase;
			buildActionMask = 2147483647;
			files = (
			);
			inputFileListPaths = (
				"${PODS_ROOT}/Target Support Files/Pods-gatewait/Pods-gatewait-frameworks-${CONFIGURATION}-input-files.xcfilelist",
			);
			name = "[CP] Embed Pods Frameworks";
			outputFileListPaths = (
				"${PODS_ROOT}/Target Support Files/Pods-gatewait/Pods-gatewait-frameworks-${CONFIGURATION}-output-files.xcfilelist",
			);
			runOnlyForDeploymentPostprocessing = 0;
			shellPath = /bin/sh;
			shellScript = "\"${PODS_ROOT}/Target Support Files/Pods-gatewait/Pods-gatewait-frameworks.sh\"\n";
			showEnvVarsInLog = 0;
		};
		D33BD6911F83B1DA2E7F6825 /* [CP] Check Pods Manifest.lock */ = {
			isa = PBXShellScriptBuildPhase;
			buildActionMask = 2147483647;
			files = (
			);
			inputFileListPaths = (
			);
			inputPaths = (
				"${PODS_PODFILE_DIR_PATH}/Podfile.lock",
				"${PODS_ROOT}/Manifest.lock",
			);
			name = "[CP] Check Pods Manifest.lock";
			outputFileListPaths = (
			);
			outputPaths = (
				"$(DERIVED_FILE_DIR)/Pods-gatewaitTests-checkManifestLockResult.txt",
			);
			runOnlyForDeploymentPostprocessing = 0;
			shellPath = /bin/sh;
			shellScript = "diff \"${PODS_PODFILE_DIR_PATH}/Podfile.lock\" \"${PODS_ROOT}/Manifest.lock\" > /dev/null\nif [ $? != 0 ] ; then\n    # print error to STDERR\n    echo \"error: The sandbox is not in sync with the Podfile.lock. Run 'pod install' or update your CocoaPods installation.\" >&2\n    exit 1\nfi\n# This output is used by Xcode 'outputs' to avoid re-running this script phase.\necho \"SUCCESS\" > \"${SCRIPT_OUTPUT_FILE_0}\"\n";
			showEnvVarsInLog = 0;
		};
		F968C907118ABD32D545C761 /* [CP] Embed Pods Frameworks */ = {
			isa = PBXShellScriptBuildPhase;
			buildActionMask = 2147483647;
			files = (
			);
			inputFileListPaths = (
				"${PODS_ROOT}/Target Support Files/Pods-gatewait-gatewaitUITests/Pods-gatewait-gatewaitUITests-frameworks-${CONFIGURATION}-input-files.xcfilelist",
			);
			name = "[CP] Embed Pods Frameworks";
			outputFileListPaths = (
				"${PODS_ROOT}/Target Support Files/Pods-gatewait-gatewaitUITests/Pods-gatewait-gatewaitUITests-frameworks-${CONFIGURATION}-output-files.xcfilelist",
			);
			runOnlyForDeploymentPostprocessing = 0;
			shellPath = /bin/sh;
			shellScript = "\"${PODS_ROOT}/Target Support Files/Pods-gatewait-gatewaitUITests/Pods-gatewait-gatewaitUITests-frameworks.sh\"\n";
			showEnvVarsInLog = 0;
		};
/* End PBXShellScriptBuildPhase section */

/* Begin PBXSourcesBuildPhase section */
		83BEFAB1234E773400CB0CDB /* Sources */ = {
			isa = PBXSourcesBuildPhase;
			buildActionMask = 2147483647;
			files = (
				8334B1562353896000CFBD3B /* FlightsVC.swift in Sources */,
				83BEFAB9234E773400CB0CDB /* AppDelegate.swift in Sources */,
				8334B15823538A5200CFBD3B /* GatesVC.swift in Sources */,
				834CC62C23566F6D00B2407A /* Airport.swift in Sources */,
				835C06762353AC9B00B723BA /* Gate.swift in Sources */,
				834CC632235E568A00B2407A /* extensions.swift in Sources */,
				83BEFABB234E773400CB0CDB /* SceneDelegate.swift in Sources */,
				834CC62F2357BB3400B2407A /* GateTableViewCell.swift in Sources */,
				83B91F9023623F0100BF4C89 /* AuthorTableViewCell.swift in Sources */,
				835C06782353ACA800B723BA /* Flight.swift in Sources */,
			);
			runOnlyForDeploymentPostprocessing = 0;
		};
		83BEFAC7234E773B00CB0CDB /* Sources */ = {
			isa = PBXSourcesBuildPhase;
			buildActionMask = 2147483647;
			files = (
				83BEFAD0234E773B00CB0CDB /* gatewaitTests.swift in Sources */,
			);
			runOnlyForDeploymentPostprocessing = 0;
		};
		83BEFAD2234E773B00CB0CDB /* Sources */ = {
			isa = PBXSourcesBuildPhase;
			buildActionMask = 2147483647;
			files = (
				83BEFADB234E773B00CB0CDB /* gatewaitUITests.swift in Sources */,
			);
			runOnlyForDeploymentPostprocessing = 0;
		};
/* End PBXSourcesBuildPhase section */

/* Begin PBXTargetDependency section */
		83BEFACD234E773B00CB0CDB /* PBXTargetDependency */ = {
			isa = PBXTargetDependency;
			target = 83BEFAB4234E773400CB0CDB /* gatewait */;
			targetProxy = 83BEFACC234E773B00CB0CDB /* PBXContainerItemProxy */;
		};
		83BEFAD8234E773B00CB0CDB /* PBXTargetDependency */ = {
			isa = PBXTargetDependency;
			target = 83BEFAB4234E773400CB0CDB /* gatewait */;
			targetProxy = 83BEFAD7234E773B00CB0CDB /* PBXContainerItemProxy */;
		};
/* End PBXTargetDependency section */

/* Begin PBXVariantGroup section */
		83BEFABE234E773400CB0CDB /* Main.storyboard */ = {
			isa = PBXVariantGroup;
			children = (
				83BEFABF234E773400CB0CDB /* Base */,
			);
			name = Main.storyboard;
			sourceTree = "<group>";
		};
		83BEFAC3234E773A00CB0CDB /* LaunchScreen.storyboard */ = {
			isa = PBXVariantGroup;
			children = (
				83BEFAC4234E773A00CB0CDB /* Base */,
			);
			name = LaunchScreen.storyboard;
			sourceTree = "<group>";
		};
/* End PBXVariantGroup section */

/* Begin XCBuildConfiguration section */
		83BEFADD234E773B00CB0CDB /* Debug */ = {
			isa = XCBuildConfiguration;
			buildSettings = {
				ALWAYS_SEARCH_USER_PATHS = NO;
				CLANG_ANALYZER_NONNULL = YES;
				CLANG_ANALYZER_NUMBER_OBJECT_CONVERSION = YES_AGGRESSIVE;
				CLANG_CXX_LANGUAGE_STANDARD = "gnu++14";
				CLANG_CXX_LIBRARY = "libc++";
				CLANG_ENABLE_MODULES = YES;
				CLANG_ENABLE_OBJC_ARC = YES;
				CLANG_ENABLE_OBJC_WEAK = YES;
				CLANG_WARN_BLOCK_CAPTURE_AUTORELEASING = YES;
				CLANG_WARN_BOOL_CONVERSION = YES;
				CLANG_WARN_COMMA = YES;
				CLANG_WARN_CONSTANT_CONVERSION = YES;
				CLANG_WARN_DEPRECATED_OBJC_IMPLEMENTATIONS = YES;
				CLANG_WARN_DIRECT_OBJC_ISA_USAGE = YES_ERROR;
				CLANG_WARN_DOCUMENTATION_COMMENTS = YES;
				CLANG_WARN_EMPTY_BODY = YES;
				CLANG_WARN_ENUM_CONVERSION = YES;
				CLANG_WARN_INFINITE_RECURSION = YES;
				CLANG_WARN_INT_CONVERSION = YES;
				CLANG_WARN_NON_LITERAL_NULL_CONVERSION = YES;
				CLANG_WARN_OBJC_IMPLICIT_RETAIN_SELF = YES;
				CLANG_WARN_OBJC_LITERAL_CONVERSION = YES;
				CLANG_WARN_OBJC_ROOT_CLASS = YES_ERROR;
				CLANG_WARN_RANGE_LOOP_ANALYSIS = YES;
				CLANG_WARN_STRICT_PROTOTYPES = YES;
				CLANG_WARN_SUSPICIOUS_MOVE = YES;
				CLANG_WARN_UNGUARDED_AVAILABILITY = YES_AGGRESSIVE;
				CLANG_WARN_UNREACHABLE_CODE = YES;
				CLANG_WARN__DUPLICATE_METHOD_MATCH = YES;
				COPY_PHASE_STRIP = NO;
				DEBUG_INFORMATION_FORMAT = dwarf;
				ENABLE_STRICT_OBJC_MSGSEND = YES;
				ENABLE_TESTABILITY = YES;
				GCC_C_LANGUAGE_STANDARD = gnu11;
				GCC_DYNAMIC_NO_PIC = NO;
				GCC_NO_COMMON_BLOCKS = YES;
				GCC_OPTIMIZATION_LEVEL = 0;
				GCC_PREPROCESSOR_DEFINITIONS = (
					"DEBUG=1",
					"$(inherited)",
				);
				GCC_WARN_64_TO_32_BIT_CONVERSION = YES;
				GCC_WARN_ABOUT_RETURN_TYPE = YES_ERROR;
				GCC_WARN_UNDECLARED_SELECTOR = YES;
				GCC_WARN_UNINITIALIZED_AUTOS = YES_AGGRESSIVE;
				GCC_WARN_UNUSED_FUNCTION = YES;
				GCC_WARN_UNUSED_VARIABLE = YES;
				IPHONEOS_DEPLOYMENT_TARGET = 13.0;
				MTL_ENABLE_DEBUG_INFO = INCLUDE_SOURCE;
				MTL_FAST_MATH = YES;
				ONLY_ACTIVE_ARCH = YES;
				SDKROOT = iphoneos;
				SWIFT_ACTIVE_COMPILATION_CONDITIONS = DEBUG;
				SWIFT_OPTIMIZATION_LEVEL = "-Onone";
			};
			name = Debug;
		};
		83BEFADE234E773B00CB0CDB /* Release */ = {
			isa = XCBuildConfiguration;
			buildSettings = {
				ALWAYS_SEARCH_USER_PATHS = NO;
				CLANG_ANALYZER_NONNULL = YES;
				CLANG_ANALYZER_NUMBER_OBJECT_CONVERSION = YES_AGGRESSIVE;
				CLANG_CXX_LANGUAGE_STANDARD = "gnu++14";
				CLANG_CXX_LIBRARY = "libc++";
				CLANG_ENABLE_MODULES = YES;
				CLANG_ENABLE_OBJC_ARC = YES;
				CLANG_ENABLE_OBJC_WEAK = YES;
				CLANG_WARN_BLOCK_CAPTURE_AUTORELEASING = YES;
				CLANG_WARN_BOOL_CONVERSION = YES;
				CLANG_WARN_COMMA = YES;
				CLANG_WARN_CONSTANT_CONVERSION = YES;
				CLANG_WARN_DEPRECATED_OBJC_IMPLEMENTATIONS = YES;
				CLANG_WARN_DIRECT_OBJC_ISA_USAGE = YES_ERROR;
				CLANG_WARN_DOCUMENTATION_COMMENTS = YES;
				CLANG_WARN_EMPTY_BODY = YES;
				CLANG_WARN_ENUM_CONVERSION = YES;
				CLANG_WARN_INFINITE_RECURSION = YES;
				CLANG_WARN_INT_CONVERSION = YES;
				CLANG_WARN_NON_LITERAL_NULL_CONVERSION = YES;
				CLANG_WARN_OBJC_IMPLICIT_RETAIN_SELF = YES;
				CLANG_WARN_OBJC_LITERAL_CONVERSION = YES;
				CLANG_WARN_OBJC_ROOT_CLASS = YES_ERROR;
				CLANG_WARN_RANGE_LOOP_ANALYSIS = YES;
				CLANG_WARN_STRICT_PROTOTYPES = YES;
				CLANG_WARN_SUSPICIOUS_MOVE = YES;
				CLANG_WARN_UNGUARDED_AVAILABILITY = YES_AGGRESSIVE;
				CLANG_WARN_UNREACHABLE_CODE = YES;
				CLANG_WARN__DUPLICATE_METHOD_MATCH = YES;
				COPY_PHASE_STRIP = NO;
				DEBUG_INFORMATION_FORMAT = "dwarf-with-dsym";
				ENABLE_NS_ASSERTIONS = NO;
				ENABLE_STRICT_OBJC_MSGSEND = YES;
				GCC_C_LANGUAGE_STANDARD = gnu11;
				GCC_NO_COMMON_BLOCKS = YES;
				GCC_WARN_64_TO_32_BIT_CONVERSION = YES;
				GCC_WARN_ABOUT_RETURN_TYPE = YES_ERROR;
				GCC_WARN_UNDECLARED_SELECTOR = YES;
				GCC_WARN_UNINITIALIZED_AUTOS = YES_AGGRESSIVE;
				GCC_WARN_UNUSED_FUNCTION = YES;
				GCC_WARN_UNUSED_VARIABLE = YES;
				IPHONEOS_DEPLOYMENT_TARGET = 13.0;
				MTL_ENABLE_DEBUG_INFO = NO;
				MTL_FAST_MATH = YES;
				SDKROOT = iphoneos;
				SWIFT_COMPILATION_MODE = wholemodule;
				SWIFT_OPTIMIZATION_LEVEL = "-O";
				VALIDATE_PRODUCT = YES;
			};
			name = Release;
		};
		83BEFAE0234E773B00CB0CDB /* Debug */ = {
			isa = XCBuildConfiguration;
			baseConfigurationReference = 4266EE4AC491A2D7E9E38198 /* Pods-gatewait.debug.xcconfig */;
			buildSettings = {
				ASSETCATALOG_COMPILER_APPICON_NAME = AppIcon;
				CODE_SIGN_STYLE = Automatic;
				DEVELOPMENT_TEAM = C6GL8VL4N6;
				INFOPLIST_FILE = gatewait/Info.plist;
				IPHONEOS_DEPLOYMENT_TARGET = 11.0;
				LD_RUNPATH_SEARCH_PATHS = (
					"$(inherited)",
					"@executable_path/Frameworks",
				);
				PRODUCT_BUNDLE_IDENTIFIER = aerlindir.gatewait;
				PRODUCT_NAME = "$(TARGET_NAME)";
				SWIFT_VERSION = 5.0;
				TARGETED_DEVICE_FAMILY = "1,2";
			};
			name = Debug;
		};
		83BEFAE1234E773B00CB0CDB /* Release */ = {
			isa = XCBuildConfiguration;
			baseConfigurationReference = CC96988C326F6E4E97B28BC9 /* Pods-gatewait.release.xcconfig */;
			buildSettings = {
				ASSETCATALOG_COMPILER_APPICON_NAME = AppIcon;
				CODE_SIGN_STYLE = Automatic;
				DEVELOPMENT_TEAM = C6GL8VL4N6;
				INFOPLIST_FILE = gatewait/Info.plist;
				IPHONEOS_DEPLOYMENT_TARGET = 11.0;
				LD_RUNPATH_SEARCH_PATHS = (
					"$(inherited)",
					"@executable_path/Frameworks",
				);
				PRODUCT_BUNDLE_IDENTIFIER = aerlindir.gatewait;
				PRODUCT_NAME = "$(TARGET_NAME)";
				SWIFT_VERSION = 5.0;
				TARGETED_DEVICE_FAMILY = "1,2";
			};
			name = Release;
		};
		83BEFAE3234E773B00CB0CDB /* Debug */ = {
			isa = XCBuildConfiguration;
			baseConfigurationReference = 104C78B38BFD04062AD01AF9 /* Pods-gatewaitTests.debug.xcconfig */;
			buildSettings = {
				ALWAYS_EMBED_SWIFT_STANDARD_LIBRARIES = YES;
				BUNDLE_LOADER = "$(TEST_HOST)";
				CODE_SIGN_STYLE = Automatic;
				DEVELOPMENT_TEAM = FVB4M6K923;
				INFOPLIST_FILE = gatewaitTests/Info.plist;
				IPHONEOS_DEPLOYMENT_TARGET = 13.0;
				LD_RUNPATH_SEARCH_PATHS = (
					"$(inherited)",
					"@executable_path/Frameworks",
					"@loader_path/Frameworks",
				);
				PRODUCT_BUNDLE_IDENTIFIER = aerlindir.gatewaitTests;
				PRODUCT_NAME = "$(TARGET_NAME)";
				SWIFT_VERSION = 5.0;
				TARGETED_DEVICE_FAMILY = "1,2";
				TEST_HOST = "$(BUILT_PRODUCTS_DIR)/gatewait.app/gatewait";
			};
			name = Debug;
		};
		83BEFAE4234E773B00CB0CDB /* Release */ = {
			isa = XCBuildConfiguration;
			baseConfigurationReference = 79ED2EC09D1A99E72AC3EC03 /* Pods-gatewaitTests.release.xcconfig */;
			buildSettings = {
				ALWAYS_EMBED_SWIFT_STANDARD_LIBRARIES = YES;
				BUNDLE_LOADER = "$(TEST_HOST)";
				CODE_SIGN_STYLE = Automatic;
				DEVELOPMENT_TEAM = FVB4M6K923;
				INFOPLIST_FILE = gatewaitTests/Info.plist;
				IPHONEOS_DEPLOYMENT_TARGET = 13.0;
				LD_RUNPATH_SEARCH_PATHS = (
					"$(inherited)",
					"@executable_path/Frameworks",
					"@loader_path/Frameworks",
				);
				PRODUCT_BUNDLE_IDENTIFIER = aerlindir.gatewaitTests;
				PRODUCT_NAME = "$(TARGET_NAME)";
				SWIFT_VERSION = 5.0;
				TARGETED_DEVICE_FAMILY = "1,2";
				TEST_HOST = "$(BUILT_PRODUCTS_DIR)/gatewait.app/gatewait";
			};
			name = Release;
		};
		83BEFAE6234E773B00CB0CDB /* Debug */ = {
			isa = XCBuildConfiguration;
			baseConfigurationReference = C5BB698D9781CFAA2CAEEF29 /* Pods-gatewait-gatewaitUITests.debug.xcconfig */;
			buildSettings = {
				ALWAYS_EMBED_SWIFT_STANDARD_LIBRARIES = YES;
				CODE_SIGN_STYLE = Automatic;
				DEVELOPMENT_TEAM = FVB4M6K923;
				INFOPLIST_FILE = gatewaitUITests/Info.plist;
				LD_RUNPATH_SEARCH_PATHS = (
					"$(inherited)",
					"@executable_path/Frameworks",
					"@loader_path/Frameworks",
				);
				PRODUCT_BUNDLE_IDENTIFIER = aerlindir.gatewaitUITests;
				PRODUCT_NAME = "$(TARGET_NAME)";
				SWIFT_VERSION = 5.0;
				TARGETED_DEVICE_FAMILY = "1,2";
				TEST_TARGET_NAME = gatewait;
			};
			name = Debug;
		};
		83BEFAE7234E773B00CB0CDB /* Release */ = {
			isa = XCBuildConfiguration;
			baseConfigurationReference = 8047EF932CD19D095EFB7C4A /* Pods-gatewait-gatewaitUITests.release.xcconfig */;
			buildSettings = {
				ALWAYS_EMBED_SWIFT_STANDARD_LIBRARIES = YES;
				CODE_SIGN_STYLE = Automatic;
				DEVELOPMENT_TEAM = FVB4M6K923;
				INFOPLIST_FILE = gatewaitUITests/Info.plist;
				LD_RUNPATH_SEARCH_PATHS = (
					"$(inherited)",
					"@executable_path/Frameworks",
					"@loader_path/Frameworks",
				);
				PRODUCT_BUNDLE_IDENTIFIER = aerlindir.gatewaitUITests;
				PRODUCT_NAME = "$(TARGET_NAME)";
				SWIFT_VERSION = 5.0;
				TARGETED_DEVICE_FAMILY = "1,2";
				TEST_TARGET_NAME = gatewait;
			};
			name = Release;
		};
/* End XCBuildConfiguration section */

/* Begin XCConfigurationList section */
		83BEFAB0234E773400CB0CDB /* Build configuration list for PBXProject "gatewait" */ = {
			isa = XCConfigurationList;
			buildConfigurations = (
				83BEFADD234E773B00CB0CDB /* Debug */,
				83BEFADE234E773B00CB0CDB /* Release */,
			);
			defaultConfigurationIsVisible = 0;
			defaultConfigurationName = Release;
		};
		83BEFADF234E773B00CB0CDB /* Build configuration list for PBXNativeTarget "gatewait" */ = {
			isa = XCConfigurationList;
			buildConfigurations = (
				83BEFAE0234E773B00CB0CDB /* Debug */,
				83BEFAE1234E773B00CB0CDB /* Release */,
			);
			defaultConfigurationIsVisible = 0;
			defaultConfigurationName = Release;
		};
		83BEFAE2234E773B00CB0CDB /* Build configuration list for PBXNativeTarget "gatewaitTests" */ = {
			isa = XCConfigurationList;
			buildConfigurations = (
				83BEFAE3234E773B00CB0CDB /* Debug */,
				83BEFAE4234E773B00CB0CDB /* Release */,
			);
			defaultConfigurationIsVisible = 0;
			defaultConfigurationName = Release;
		};
		83BEFAE5234E773B00CB0CDB /* Build configuration list for PBXNativeTarget "gatewaitUITests" */ = {
			isa = XCConfigurationList;
			buildConfigurations = (
				83BEFAE6234E773B00CB0CDB /* Debug */,
				83BEFAE7234E773B00CB0CDB /* Release */,
			);
			defaultConfigurationIsVisible = 0;
			defaultConfigurationName = Release;
		};
/* End XCConfigurationList section */
	};
	rootObject = 83BEFAAD234E773400CB0CDB /* Project object */;
}
