PODS:
  - Realm (3.19.0):
    - Realm/Headers (= 3.19.0)
  - Realm/Headers (3.19.0)
  - RealmSwift (3.19.0):
    - Realm (= 3.19.0)
  - SwiftyJSON (4.3.0)

DEPENDENCIES:
  - RealmSwift
  - SwiftyJSON (~> 4.0)

SPEC REPOS:
  trunk:
    - Realm
    - RealmSwift
    - SwiftyJSON

SPEC CHECKSUMS:
  Realm: 995d585bcf699aaff226715886c849a29dd3d07f
  RealmSwift: 35f284a537989f2187b413e5917091948cb87a3f
  SwiftyJSON: 6faa0040f8b59dead0ee07436cbf76b73c08fd08

PODFILE CHECKSUM: 9c6042a001bc72ffb5747bb1e1867935b6519d17

COCOAPODS: 1.8.3
